<?xml version="1.0" encoding="UTF-8" standalone="yes" ?>
<CodeBlocks_project_file>
	<FileVersion major="1" minor="6" />
	<Project>
		<Option title="Tachometer_control" />
		<Option pch_mode="2" />
		<Option compiler="gcc" />
		<Option show_notes="0">
			<notes>
				<![CDATA[First alpha. Lots of bugs, dirty code, dirtier output.]]>
			</notes>
		</Option>
		<Build>
			<Target title="Debug">
				<Option output="bin/Debug/Tachometer_control" prefix_auto="1" extension_auto="1" />
				<Option object_output="obj/Debug/" />
				<Option type="1" />
				<Option compiler="gcc" />
				<Compiler>
					<Add option="-Wall" />
					<Add option="-g" />
				</Compiler>
			</Target>
			<Target title="Release">
				<Option output="bin/Release/Tachometer_control" prefix_auto="1" extension_auto="1" />
				<Option object_output="obj/Release/" />
				<Option type="0" />
				<Option compiler="gcc" />
				<Compiler>
					<Add option="-fomit-frame-pointer" />
					<Add option="-fexpensive-optimizations" />
					<Add option="-O3" />
				</Compiler>
				<Linker>
					<Add option="-s" />
				</Linker>
			</Target>
		</Build>
		<Compiler>
			<Add option="-Wall" />
			<Add option="-std=c++11" />
			<Add directory="libusb/include" />
		</Compiler>
		<Linker>
			<Add option="-L ./libusb/lib/gcc -lusb" />
			<Add library="gdi32" />
			<Add library="user32" />
			<Add library="kernel32" />
			<Add library="comctl32" />
		</Linker>
		<Unit filename="dialog_functions.c">
			<Option compilerVar="CC" />
		</Unit>
		<Unit filename="imported_functions.c">
			<Option compilerVar="CC" />
		</Unit>
		<Unit filename="main.cpp" />
		<Unit filename="manifest.xml" />
		<Unit filename="resource.h" />
		<Unit filename="resource.rc">
			<Option compilerVar="WINDRES" />
		</Unit>
		<Unit filename="usb_functions.c">
			<Option compilerVar="CC" />
		</Unit>
		<Unit filename="version.h" />
		<Extensions>
			<code_completion />
			<envvars />
			<debugger />
			<DoxyBlocks>
				<comment_style block="0" line="2" />
				<doxyfile_project />
				<doxyfile_build />
				<doxyfile_warnings />
				<doxyfile_output />
				<doxyfile_dot />
				<general />
			</DoxyBlocks>
			<AutoVersioning>
				<Scheme minor_max="10" build_max="0" rev_max="0" rev_rand_max="10" build_times_to_increment_minor="100" />
				<Settings autoincrement="1" date_declarations="1" use_define="0" update_manifest="1" do_auto_increment="0" ask_to_increment="0" language="C++" svn="0" svn_directory="" header_path="version.h" />
				<Changes_Log show_changes_editor="0" app_title="released version %M.%m.%b of %p" changeslog_path="ChangesLog.txt" />
				<Code header_guard="VERSION_H" namespace="AutoVersion" prefix="" />
			</AutoVersioning>
		</Extensions>
	</Project>
</CodeBlocks_project_file>
